
Microsoft Visual Studio Solution File, Format Version 12.00
# Visual Studio Version 16
VisualStudioVersion = 16.0.28803.156
MinimumVisualStudioVersion = 10.0.40219.1
Project("{2150E333-8FDC-42A3-9474-1A3956D46DE8}") = "Analyzers", "Analyzers", "{598B603F-F081-440B-BD43-4813EC6E043C}"
EndProject
Project("{9A19103F-16F7-4668-BE54-9A1E7A4F7556}") = "Zilf", "src\Zilf\Zilf.csproj", "{B043E397-658B-412C-93F7-2F705FEE885E}"
EndProject
Project("{9A19103F-16F7-4668-BE54-9A1E7A4F7556}") = "Zapf", "src\Zapf\Zapf.csproj", "{C4379053-B0C7-4826-AC41-CEA59A743B15}"
EndProject
Project("{9A19103F-16F7-4668-BE54-9A1E7A4F7556}") = "Dezapf", "src\Dezapf\Dezapf.csproj", "{EF94747E-F175-4AF5-8882-2FA99EB1505A}"
EndProject
Project("{9A19103F-16F7-4668-BE54-9A1E7A4F7556}") = "Dezapf.Tests", "test\Dezapf.Tests\Dezapf.Tests.csproj", "{81653942-09FB-4D69-B2D3-423FE0E8F339}"
EndProject
Project("{9A19103F-16F7-4668-BE54-9A1E7A4F7556}") = "Zilf.Emit", "src\Zilf.Emit\Zilf.Emit.csproj", "{3DD99678-F71C-4CAA-A8BF-7DBA6188C3C4}"
EndProject
Project("{9A19103F-16F7-4668-BE54-9A1E7A4F7556}") = "Zilf.Emit.Tests", "test\Zilf.Emit.Tests\Zilf.Emit.Tests.csproj", "{44193312-FD34-4A33-A9BC-D4170028B279}"
EndProject
Project("{9A19103F-16F7-4668-BE54-9A1E7A4F7556}") = "Zilf.Tests", "test\Zilf.Tests\Zilf.Tests.csproj", "{E7119E94-B1B0-4C23-9D61-69746A7AA1A3}"
EndProject
Project("{9A19103F-16F7-4668-BE54-9A1E7A4F7556}") = "Zilf.Tests.Integration", "test\Zilf.Tests.Integration\Zilf.Tests.Integration.csproj", "{D429D279-234D-43A7-8523-1E3E61FED51A}"
EndProject
Project("{9A19103F-16F7-4668-BE54-9A1E7A4F7556}") = "Zapf.Tests", "test\Zapf.Tests\Zapf.Tests.csproj", "{F65C13C3-7A12-4FBB-AA4A-4BBC69A548E6}"
EndProject
Project("{9A19103F-16F7-4668-BE54-9A1E7A4F7556}") = "Zilf.Common", "src\Zilf.Common\Zilf.Common.csproj", "{433B6DA6-FF85-4370-9012-4C6B7177FC0D}"
EndProject
Project("{9A19103F-16F7-4668-BE54-9A1E7A4F7556}") = "Zapf.Parsing", "src\Zapf.Parsing\Zapf.Parsing.csproj", "{F05EFB4A-9B94-4E4C-B158-BF1EE09584C7}"
EndProject
Project("{9A19103F-16F7-4668-BE54-9A1E7A4F7556}") = "ZilfAnalyzers", "src\Analyzers\ZilfAnalyzers\ZilfAnalyzers.csproj", "{43F63D35-FA4B-4C7F-892C-E9A6A01AD60A}"
EndProject
Project("{9A19103F-16F7-4668-BE54-9A1E7A4F7556}") = "ZilfAnalyzers.Test", "src\Analyzers\ZilfAnalyzers.Test\ZilfAnalyzers.Test.csproj", "{55BC8693-4255-4F7C-B69D-734406DE6C88}"
EndProject
Project("{FAE04EC0-301F-11D3-BF4B-00C04F79EFBC}") = "ZilfAnalyzers.Vsix", "src\Analyzers\ZilfAnalyzers.Vsix\ZilfAnalyzers.Vsix.csproj", "{1451DB23-3FE9-4207-9903-9B5395934806}"
EndProject
Project("{2150E333-8FDC-42A3-9474-1A3956D46DE8}") = "src", "src", "{639D8160-38EF-4ED1-8202-8B8CFBE22FBD}"
EndProject
Project("{2150E333-8FDC-42A3-9474-1A3956D46DE8}") = "test", "test", "{65A2B38C-4851-42E5-900C-DAD903A288F8}"
EndProject
Project("{2150E333-8FDC-42A3-9474-1A3956D46DE8}") = "Build", "Build", "{1E9A9589-73D4-466C-9A3D-D44D058B2359}"
	ProjectSection(SolutionItems) = preProject
		Build.proj = Build.proj
		CurrentVersion.props = CurrentVersion.props
		Directory.Build.props = Directory.Build.props
		Directory.Build.targets = Directory.Build.targets
	EndProjectSection
EndProject
Project("{2150E333-8FDC-42A3-9474-1A3956D46DE8}") = "Helpers", "Helpers", "{7FFC5410-FA1A-4777-870B-A8BBB5AE555E}"
	ProjectSection(SolutionItems) = preProject
		build\After.targets = build\After.targets
		Build\Tasks.targets = Build\Tasks.targets
	EndProjectSection
EndProject
Project("{2150E333-8FDC-42A3-9474-1A3956D46DE8}") = "ZIL Samples", "ZIL Samples", "{7C9E4970-9997-451B-BCDA-FB869C753F59}"
	ProjectSection(SolutionItems) = preProject
		sample\Samples.proj = sample\Samples.proj
	EndProjectSection
EndProject
Project("{2150E333-8FDC-42A3-9474-1A3956D46DE8}") = "ZIL Library", "ZIL Library", "{25194AC6-1151-463C-82EA-5D5AD9B56F8D}"
	ProjectSection(SolutionItems) = preProject
		zillib\ZilLib.proj = zillib\ZilLib.proj
	EndProjectSection
EndProject
Project("{2150E333-8FDC-42A3-9474-1A3956D46DE8}") = "Package", "Package", "{3E280263-C59C-4A3B-B9ED-466D22C25333}"
	ProjectSection(SolutionItems) = preProject
		Package\tar\Tar.Packaging.targets = Package\tar\Tar.Packaging.targets
		Package\zip\Zip.Packaging.targets = Package\zip\Zip.Packaging.targets
	EndProjectSection
EndProject
Global
	GlobalSection(SolutionConfigurationPlatforms) = preSolution
		Debug|Any CPU = Debug|Any CPU
		Debug|x86 = Debug|x86
		Release|Any CPU = Release|Any CPU
		Release|x86 = Release|x86
	EndGlobalSection
	GlobalSection(ProjectConfigurationPlatforms) = postSolution
		{B043E397-658B-412C-93F7-2F705FEE885E}.Debug|Any CPU.ActiveCfg = Debug|Any CPU
		{B043E397-658B-412C-93F7-2F705FEE885E}.Debug|Any CPU.Build.0 = Debug|Any CPU
		{B043E397-658B-412C-93F7-2F705FEE885E}.Debug|x86.ActiveCfg = Debug|Any CPU
		{B043E397-658B-412C-93F7-2F705FEE885E}.Debug|x86.Build.0 = Debug|Any CPU
		{B043E397-658B-412C-93F7-2F705FEE885E}.Release|Any CPU.ActiveCfg = Release|Any CPU
		{B043E397-658B-412C-93F7-2F705FEE885E}.Release|Any CPU.Build.0 = Release|Any CPU
		{B043E397-658B-412C-93F7-2F705FEE885E}.Release|x86.ActiveCfg = Release|Any CPU
		{B043E397-658B-412C-93F7-2F705FEE885E}.Release|x86.Build.0 = Release|Any CPU
		{C4379053-B0C7-4826-AC41-CEA59A743B15}.Debug|Any CPU.ActiveCfg = Debug|Any CPU
		{C4379053-B0C7-4826-AC41-CEA59A743B15}.Debug|Any CPU.Build.0 = Debug|Any CPU
		{C4379053-B0C7-4826-AC41-CEA59A743B15}.Debug|x86.ActiveCfg = Debug|Any CPU
		{C4379053-B0C7-4826-AC41-CEA59A743B15}.Debug|x86.Build.0 = Debug|Any CPU
		{C4379053-B0C7-4826-AC41-CEA59A743B15}.Release|Any CPU.ActiveCfg = Release|Any CPU
		{C4379053-B0C7-4826-AC41-CEA59A743B15}.Release|Any CPU.Build.0 = Release|Any CPU
		{C4379053-B0C7-4826-AC41-CEA59A743B15}.Release|x86.ActiveCfg = Release|Any CPU
		{C4379053-B0C7-4826-AC41-CEA59A743B15}.Release|x86.Build.0 = Release|Any CPU
		{EF94747E-F175-4AF5-8882-2FA99EB1505A}.Debug|Any CPU.ActiveCfg = Debug|Any CPU
		{EF94747E-F175-4AF5-8882-2FA99EB1505A}.Debug|Any CPU.Build.0 = Debug|Any CPU
		{EF94747E-F175-4AF5-8882-2FA99EB1505A}.Debug|x86.ActiveCfg = Debug|Any CPU
		{EF94747E-F175-4AF5-8882-2FA99EB1505A}.Debug|x86.Build.0 = Debug|Any CPU
		{EF94747E-F175-4AF5-8882-2FA99EB1505A}.Release|Any CPU.ActiveCfg = Release|Any CPU
		{EF94747E-F175-4AF5-8882-2FA99EB1505A}.Release|Any CPU.Build.0 = Release|Any CPU
		{EF94747E-F175-4AF5-8882-2FA99EB1505A}.Release|x86.ActiveCfg = Release|Any CPU
		{81653942-09FB-4D69-B2D3-423FE0E8F339}.Debug|Any CPU.ActiveCfg = Debug|Any CPU
		{81653942-09FB-4D69-B2D3-423FE0E8F339}.Debug|Any CPU.Build.0 = Debug|Any CPU
		{81653942-09FB-4D69-B2D3-423FE0E8F339}.Debug|x86.ActiveCfg = Debug|Any CPU
		{81653942-09FB-4D69-B2D3-423FE0E8F339}.Debug|x86.Build.0 = Debug|Any CPU
		{81653942-09FB-4D69-B2D3-423FE0E8F339}.Release|Any CPU.ActiveCfg = Release|Any CPU
		{81653942-09FB-4D69-B2D3-423FE0E8F339}.Release|x86.ActiveCfg = Release|Any CPU
		{3DD99678-F71C-4CAA-A8BF-7DBA6188C3C4}.Debug|Any CPU.ActiveCfg = Debug|Any CPU
		{3DD99678-F71C-4CAA-A8BF-7DBA6188C3C4}.Debug|Any CPU.Build.0 = Debug|Any CPU
		{3DD99678-F71C-4CAA-A8BF-7DBA6188C3C4}.Debug|x86.ActiveCfg = Debug|Any CPU
		{3DD99678-F71C-4CAA-A8BF-7DBA6188C3C4}.Debug|x86.Build.0 = Debug|Any CPU
		{3DD99678-F71C-4CAA-A8BF-7DBA6188C3C4}.Release|Any CPU.ActiveCfg = Release|Any CPU
		{3DD99678-F71C-4CAA-A8BF-7DBA6188C3C4}.Release|Any CPU.Build.0 = Release|Any CPU
		{3DD99678-F71C-4CAA-A8BF-7DBA6188C3C4}.Release|x86.ActiveCfg = Release|Any CPU
		{3DD99678-F71C-4CAA-A8BF-7DBA6188C3C4}.Release|x86.Build.0 = Release|Any CPU
		{44193312-FD34-4A33-A9BC-D4170028B279}.Debug|Any CPU.ActiveCfg = Debug|Any CPU
		{44193312-FD34-4A33-A9BC-D4170028B279}.Debug|Any CPU.Build.0 = Debug|Any CPU
		{44193312-FD34-4A33-A9BC-D4170028B279}.Debug|x86.ActiveCfg = Debug|Any CPU
		{44193312-FD34-4A33-A9BC-D4170028B279}.Debug|x86.Build.0 = Debug|Any CPU
		{44193312-FD34-4A33-A9BC-D4170028B279}.Release|Any CPU.ActiveCfg = Release|Any CPU
		{44193312-FD34-4A33-A9BC-D4170028B279}.Release|x86.ActiveCfg = Release|Any CPU
		{E7119E94-B1B0-4C23-9D61-69746A7AA1A3}.Debug|Any CPU.ActiveCfg = Debug|Any CPU
		{E7119E94-B1B0-4C23-9D61-69746A7AA1A3}.Debug|Any CPU.Build.0 = Debug|Any CPU
		{E7119E94-B1B0-4C23-9D61-69746A7AA1A3}.Debug|x86.ActiveCfg = Debug|Any CPU
		{E7119E94-B1B0-4C23-9D61-69746A7AA1A3}.Debug|x86.Build.0 = Debug|Any CPU
		{E7119E94-B1B0-4C23-9D61-69746A7AA1A3}.Release|Any CPU.ActiveCfg = Release|Any CPU
		{E7119E94-B1B0-4C23-9D61-69746A7AA1A3}.Release|x86.ActiveCfg = Release|Any CPU
		{D429D279-234D-43A7-8523-1E3E61FED51A}.Debug|Any CPU.ActiveCfg = Debug|Any CPU
		{D429D279-234D-43A7-8523-1E3E61FED51A}.Debug|Any CPU.Build.0 = Debug|Any CPU
		{D429D279-234D-43A7-8523-1E3E61FED51A}.Debug|x86.ActiveCfg = Debug|Any CPU
		{D429D279-234D-43A7-8523-1E3E61FED51A}.Debug|x86.Build.0 = Debug|Any CPU
		{D429D279-234D-43A7-8523-1E3E61FED51A}.Release|Any CPU.ActiveCfg = Release|Any CPU
		{D429D279-234D-43A7-8523-1E3E61FED51A}.Release|x86.ActiveCfg = Release|Any CPU
		{F65C13C3-7A12-4FBB-AA4A-4BBC69A548E6}.Debug|Any CPU.ActiveCfg = Debug|Any CPU
		{F65C13C3-7A12-4FBB-AA4A-4BBC69A548E6}.Debug|Any CPU.Build.0 = Debug|Any CPU
		{F65C13C3-7A12-4FBB-AA4A-4BBC69A548E6}.Debug|x86.ActiveCfg = Debug|Any CPU
		{F65C13C3-7A12-4FBB-AA4A-4BBC69A548E6}.Debug|x86.Build.0 = Debug|Any CPU
		{F65C13C3-7A12-4FBB-AA4A-4BBC69A548E6}.Release|Any CPU.ActiveCfg = Release|Any CPU
		{F65C13C3-7A12-4FBB-AA4A-4BBC69A548E6}.Release|x86.ActiveCfg = Release|Any CPU
		{433B6DA6-FF85-4370-9012-4C6B7177FC0D}.Debug|Any CPU.ActiveCfg = Debug|Any CPU
		{433B6DA6-FF85-4370-9012-4C6B7177FC0D}.Debug|Any CPU.Build.0 = Debug|Any CPU
		{433B6DA6-FF85-4370-9012-4C6B7177FC0D}.Debug|x86.ActiveCfg = Debug|Any CPU
		{433B6DA6-FF85-4370-9012-4C6B7177FC0D}.Debug|x86.Build.0 = Debug|Any CPU
		{433B6DA6-FF85-4370-9012-4C6B7177FC0D}.Release|Any CPU.ActiveCfg = Release|Any CPU
		{433B6DA6-FF85-4370-9012-4C6B7177FC0D}.Release|Any CPU.Build.0 = Release|Any CPU
		{433B6DA6-FF85-4370-9012-4C6B7177FC0D}.Release|x86.ActiveCfg = Release|Any CPU
		{433B6DA6-FF85-4370-9012-4C6B7177FC0D}.Release|x86.Build.0 = Release|Any CPU
		{F05EFB4A-9B94-4E4C-B158-BF1EE09584C7}.Debug|Any CPU.ActiveCfg = Debug|Any CPU
		{F05EFB4A-9B94-4E4C-B158-BF1EE09584C7}.Debug|Any CPU.Build.0 = Debug|Any CPU
		{F05EFB4A-9B94-4E4C-B158-BF1EE09584C7}.Debug|x86.ActiveCfg = Debug|Any CPU
		{F05EFB4A-9B94-4E4C-B158-BF1EE09584C7}.Debug|x86.Build.0 = Debug|Any CPU
		{F05EFB4A-9B94-4E4C-B158-BF1EE09584C7}.Release|Any CPU.ActiveCfg = Release|Any CPU
		{F05EFB4A-9B94-4E4C-B158-BF1EE09584C7}.Release|Any CPU.Build.0 = Release|Any CPU
		{F05EFB4A-9B94-4E4C-B158-BF1EE09584C7}.Release|x86.ActiveCfg = Release|Any CPU
		{F05EFB4A-9B94-4E4C-B158-BF1EE09584C7}.Release|x86.Build.0 = Release|Any CPU
		{43F63D35-FA4B-4C7F-892C-E9A6A01AD60A}.Debug|Any CPU.ActiveCfg = Debug|Any CPU
		{43F63D35-FA4B-4C7F-892C-E9A6A01AD60A}.Debug|Any CPU.Build.0 = Debug|Any CPU
		{43F63D35-FA4B-4C7F-892C-E9A6A01AD60A}.Debug|x86.ActiveCfg = Debug|Any CPU
		{43F63D35-FA4B-4C7F-892C-E9A6A01AD60A}.Debug|x86.Build.0 = Debug|Any CPU
		{43F63D35-FA4B-4C7F-892C-E9A6A01AD60A}.Release|Any CPU.ActiveCfg = Release|Any CPU
		{43F63D35-FA4B-4C7F-892C-E9A6A01AD60A}.Release|Any CPU.Build.0 = Release|Any CPU
		{43F63D35-FA4B-4C7F-892C-E9A6A01AD60A}.Release|x86.ActiveCfg = Release|Any CPU
		{43F63D35-FA4B-4C7F-892C-E9A6A01AD60A}.Release|x86.Build.0 = Release|Any CPU
		{55BC8693-4255-4F7C-B69D-734406DE6C88}.Debug|Any CPU.ActiveCfg = Debug|Any CPU
		{55BC8693-4255-4F7C-B69D-734406DE6C88}.Debug|Any CPU.Build.0 = Debug|Any CPU
		{55BC8693-4255-4F7C-B69D-734406DE6C88}.Debug|x86.ActiveCfg = Debug|Any CPU
		{55BC8693-4255-4F7C-B69D-734406DE6C88}.Debug|x86.Build.0 = Debug|Any CPU
		{55BC8693-4255-4F7C-B69D-734406DE6C88}.Release|Any CPU.ActiveCfg = Release|Any CPU
		{55BC8693-4255-4F7C-B69D-734406DE6C88}.Release|x86.ActiveCfg = Release|Any CPU
		{55BC8693-4255-4F7C-B69D-734406DE6C88}.Release|x86.Build.0 = Release|Any CPU
		{1451DB23-3FE9-4207-9903-9B5395934806}.Debug|Any CPU.ActiveCfg = Debug|Any CPU
		{1451DB23-3FE9-4207-9903-9B5395934806}.Debug|Any CPU.Build.0 = Debug|Any CPU
		{1451DB23-3FE9-4207-9903-9B5395934806}.Debug|x86.ActiveCfg = Debug|Any CPU
		{1451DB23-3FE9-4207-9903-9B5395934806}.Debug|x86.Build.0 = Debug|Any CPU
		{1451DB23-3FE9-4207-9903-9B5395934806}.Release|Any CPU.ActiveCfg = Release|Any CPU
		{1451DB23-3FE9-4207-9903-9B5395934806}.Release|Any CPU.Build.0 = Release|Any CPU
		{1451DB23-3FE9-4207-9903-9B5395934806}.Release|x86.ActiveCfg = Release|Any CPU
		{1451DB23-3FE9-4207-9903-9B5395934806}.Release|x86.Build.0 = Release|Any CPU
	EndGlobalSection
	GlobalSection(SolutionProperties) = preSolution
		HideSolutionNode = FALSE
	EndGlobalSection
	GlobalSection(NestedProjects) = preSolution
		{598B603F-F081-440B-BD43-4813EC6E043C} = {639D8160-38EF-4ED1-8202-8B8CFBE22FBD}
		{B043E397-658B-412C-93F7-2F705FEE885E} = {639D8160-38EF-4ED1-8202-8B8CFBE22FBD}
		{C4379053-B0C7-4826-AC41-CEA59A743B15} = {639D8160-38EF-4ED1-8202-8B8CFBE22FBD}
		{EF94747E-F175-4AF5-8882-2FA99EB1505A} = {639D8160-38EF-4ED1-8202-8B8CFBE22FBD}
		{81653942-09FB-4D69-B2D3-423FE0E8F339} = {65A2B38C-4851-42E5-900C-DAD903A288F8}
		{3DD99678-F71C-4CAA-A8BF-7DBA6188C3C4} = {639D8160-38EF-4ED1-8202-8B8CFBE22FBD}
		{44193312-FD34-4A33-A9BC-D4170028B279} = {65A2B38C-4851-42E5-900C-DAD903A288F8}
		{E7119E94-B1B0-4C23-9D61-69746A7AA1A3} = {65A2B38C-4851-42E5-900C-DAD903A288F8}
		{D429D279-234D-43A7-8523-1E3E61FED51A} = {65A2B38C-4851-42E5-900C-DAD903A288F8}
		{F65C13C3-7A12-4FBB-AA4A-4BBC69A548E6} = {65A2B38C-4851-42E5-900C-DAD903A288F8}
		{433B6DA6-FF85-4370-9012-4C6B7177FC0D} = {639D8160-38EF-4ED1-8202-8B8CFBE22FBD}
		{F05EFB4A-9B94-4E4C-B158-BF1EE09584C7} = {639D8160-38EF-4ED1-8202-8B8CFBE22FBD}
		{43F63D35-FA4B-4C7F-892C-E9A6A01AD60A} = {598B603F-F081-440B-BD43-4813EC6E043C}
		{55BC8693-4255-4F7C-B69D-734406DE6C88} = {598B603F-F081-440B-BD43-4813EC6E043C}
		{1451DB23-3FE9-4207-9903-9B5395934806} = {598B603F-F081-440B-BD43-4813EC6E043C}
		{7FFC5410-FA1A-4777-870B-A8BBB5AE555E} = {1E9A9589-73D4-466C-9A3D-D44D058B2359}
		{7C9E4970-9997-451B-BCDA-FB869C753F59} = {1E9A9589-73D4-466C-9A3D-D44D058B2359}
		{25194AC6-1151-463C-82EA-5D5AD9B56F8D} = {1E9A9589-73D4-466C-9A3D-D44D058B2359}
		{3E280263-C59C-4A3B-B9ED-466D22C25333} = {1E9A9589-73D4-466C-9A3D-D44D058B2359}
	EndGlobalSection
	GlobalSection(ExtensibilityGlobals) = postSolution
		SolutionGuid = {774D42F0-105F-4B51-BC60-F4661B610BAC}
	EndGlobalSection
	GlobalSection(TestCaseManagementSettings) = postSolution
		CategoryFile = Zilf.vsmdi
	EndGlobalSection
EndGlobal
