
Microsoft Visual Studio Solution File, Format Version 12.00
# Visual Studio 15
VisualStudioVersion = 15.0.26228.9
MinimumVisualStudioVersion = 10.0.40219.1
Project("{2150E333-8FDC-42A3-9474-1A3956D46DE8}") = "Documentation", "Documentation", "{46FB864A-6499-4C61-A70B-964ACF6968F6}"
	ProjectSection(SolutionItems) = preProject
		Compatibility Notes.txt = Compatibility Notes.txt
		zapf_manual.html = zapf_manual.html
		ZIL Guide.odt = ZIL Guide.odt
		zilf_manual.html = zilf_manual.html
	EndProjectSection
EndProject
Project("{2150E333-8FDC-42A3-9474-1A3956D46DE8}") = "Solution Items", "Solution Items", "{E4E29B85-317C-4E0F-AABD-D0101C558D91}"
	ProjectSection(SolutionItems) = preProject
		CustomDictionary.xml = CustomDictionary.xml
	EndProjectSection
EndProject
Project("{2150E333-8FDC-42A3-9474-1A3956D46DE8}") = "Analyzers", "Analyzers", "{598B603F-F081-440B-BD43-4813EC6E043C}"
EndProject
Project("{FAE04EC0-301F-11D3-BF4B-00C04F79EFBC}") = "Zilf", "Zilf\Zilf.csproj", "{B043E397-658B-412C-93F7-2F705FEE885E}"
EndProject
Project("{FAE04EC0-301F-11D3-BF4B-00C04F79EFBC}") = "Zapf", "Zapf\Zapf.csproj", "{C4379053-B0C7-4826-AC41-CEA59A743B15}"
EndProject
Project("{FAE04EC0-301F-11D3-BF4B-00C04F79EFBC}") = "Dezapf", "Dezapf\Dezapf.csproj", "{EF94747E-F175-4AF5-8882-2FA99EB1505A}"
EndProject
Project("{FAE04EC0-301F-11D3-BF4B-00C04F79EFBC}") = "DezapfTests", "DezapfTests\DezapfTests.csproj", "{81653942-09FB-4D69-B2D3-423FE0E8F339}"
EndProject
Project("{FAE04EC0-301F-11D3-BF4B-00C04F79EFBC}") = "Zilf.Emit", "Zilf.Emit\Zilf.Emit.csproj", "{3DD99678-F71C-4CAA-A8BF-7DBA6188C3C4}"
EndProject
Project("{FAE04EC0-301F-11D3-BF4B-00C04F79EFBC}") = "Zilf.Emit.Tests", "Zilf.Emit.Tests\Zilf.Emit.Tests.csproj", "{44193312-FD34-4A33-A9BC-D4170028B279}"
EndProject
Project("{FAE04EC0-301F-11D3-BF4B-00C04F79EFBC}") = "ZilfTests", "ZilfTests\ZilfTests.csproj", "{E7119E94-B1B0-4C23-9D61-69746A7AA1A3}"
EndProject
Project("{FAE04EC0-301F-11D3-BF4B-00C04F79EFBC}") = "IntegrationTests", "IntegrationTests\IntegrationTests.csproj", "{D429D279-234D-43A7-8523-1E3E61FED51A}"
EndProject
Project("{FAE04EC0-301F-11D3-BF4B-00C04F79EFBC}") = "ZapfTests", "ZapfTests\ZapfTests.csproj", "{F65C13C3-7A12-4FBB-AA4A-4BBC69A548E6}"
EndProject
Project("{FAE04EC0-301F-11D3-BF4B-00C04F79EFBC}") = "Zilf.Common", "Zilf.Common\Zilf.Common.csproj", "{433B6DA6-FF85-4370-9012-4C6B7177FC0D}"
EndProject
Project("{FAE04EC0-301F-11D3-BF4B-00C04F79EFBC}") = "ZilfErrorMessages", "Analyzers\ZilfErrorMessages\ZilfErrorMessages\ZilfErrorMessages.csproj", "{D1A7D72F-8AF5-4225-A68B-985354E7BA86}"
EndProject
Project("{FAE04EC0-301F-11D3-BF4B-00C04F79EFBC}") = "ZilfErrorMessages.Test", "Analyzers\ZilfErrorMessages\ZilfErrorMessages.Test\ZilfErrorMessages.Test.csproj", "{B5C50D4D-08A3-4075-8393-DA4B251DE4E0}"
EndProject
Project("{FAE04EC0-301F-11D3-BF4B-00C04F79EFBC}") = "ZilfErrorMessages.Vsix", "Analyzers\ZilfErrorMessages\ZilfErrorMessages.Vsix\ZilfErrorMessages.Vsix.csproj", "{9245F88E-2771-4770-8D59-27D8CFB2B9F1}"
EndProject
Global
	GlobalSection(SolutionConfigurationPlatforms) = preSolution
		Debug|Any CPU = Debug|Any CPU
		Debug|x86 = Debug|x86
		Release|Any CPU = Release|Any CPU
		Release|x86 = Release|x86
	EndGlobalSection
	GlobalSection(ProjectConfigurationPlatforms) = postSolution
		{B043E397-658B-412C-93F7-2F705FEE885E}.Debug|Any CPU.ActiveCfg = Debug|Any CPU
		{B043E397-658B-412C-93F7-2F705FEE885E}.Debug|Any CPU.Build.0 = Debug|Any CPU
		{B043E397-658B-412C-93F7-2F705FEE885E}.Debug|x86.ActiveCfg = Debug|x86
		{B043E397-658B-412C-93F7-2F705FEE885E}.Debug|x86.Build.0 = Debug|x86
		{B043E397-658B-412C-93F7-2F705FEE885E}.Release|Any CPU.ActiveCfg = Release|Any CPU
		{B043E397-658B-412C-93F7-2F705FEE885E}.Release|Any CPU.Build.0 = Release|Any CPU
		{B043E397-658B-412C-93F7-2F705FEE885E}.Release|x86.ActiveCfg = Release|x86
		{B043E397-658B-412C-93F7-2F705FEE885E}.Release|x86.Build.0 = Release|x86
		{C4379053-B0C7-4826-AC41-CEA59A743B15}.Debug|Any CPU.ActiveCfg = Debug|Any CPU
		{C4379053-B0C7-4826-AC41-CEA59A743B15}.Debug|Any CPU.Build.0 = Debug|Any CPU
		{C4379053-B0C7-4826-AC41-CEA59A743B15}.Debug|x86.ActiveCfg = Debug|x86
		{C4379053-B0C7-4826-AC41-CEA59A743B15}.Debug|x86.Build.0 = Debug|x86
		{C4379053-B0C7-4826-AC41-CEA59A743B15}.Release|Any CPU.ActiveCfg = Release|Any CPU
		{C4379053-B0C7-4826-AC41-CEA59A743B15}.Release|Any CPU.Build.0 = Release|Any CPU
		{C4379053-B0C7-4826-AC41-CEA59A743B15}.Release|x86.ActiveCfg = Release|x86
		{C4379053-B0C7-4826-AC41-CEA59A743B15}.Release|x86.Build.0 = Release|x86
		{EF94747E-F175-4AF5-8882-2FA99EB1505A}.Debug|Any CPU.ActiveCfg = Debug|Any CPU
		{EF94747E-F175-4AF5-8882-2FA99EB1505A}.Debug|Any CPU.Build.0 = Debug|Any CPU
		{EF94747E-F175-4AF5-8882-2FA99EB1505A}.Debug|x86.ActiveCfg = Debug|x86
		{EF94747E-F175-4AF5-8882-2FA99EB1505A}.Debug|x86.Build.0 = Debug|x86
		{EF94747E-F175-4AF5-8882-2FA99EB1505A}.Release|Any CPU.ActiveCfg = Release|Any CPU
		{EF94747E-F175-4AF5-8882-2FA99EB1505A}.Release|Any CPU.Build.0 = Release|Any CPU
		{EF94747E-F175-4AF5-8882-2FA99EB1505A}.Release|x86.ActiveCfg = Release|Any CPU
		{81653942-09FB-4D69-B2D3-423FE0E8F339}.Debug|Any CPU.ActiveCfg = Debug|Any CPU
		{81653942-09FB-4D69-B2D3-423FE0E8F339}.Debug|Any CPU.Build.0 = Debug|Any CPU
		{81653942-09FB-4D69-B2D3-423FE0E8F339}.Debug|x86.ActiveCfg = Debug|Any CPU
		{81653942-09FB-4D69-B2D3-423FE0E8F339}.Debug|x86.Build.0 = Debug|Any CPU
		{81653942-09FB-4D69-B2D3-423FE0E8F339}.Release|Any CPU.ActiveCfg = Release|Any CPU
		{81653942-09FB-4D69-B2D3-423FE0E8F339}.Release|x86.ActiveCfg = Release|Any CPU
		{3DD99678-F71C-4CAA-A8BF-7DBA6188C3C4}.Debug|Any CPU.ActiveCfg = Debug|Any CPU
		{3DD99678-F71C-4CAA-A8BF-7DBA6188C3C4}.Debug|Any CPU.Build.0 = Debug|Any CPU
		{3DD99678-F71C-4CAA-A8BF-7DBA6188C3C4}.Debug|x86.ActiveCfg = Debug|Any CPU
		{3DD99678-F71C-4CAA-A8BF-7DBA6188C3C4}.Release|Any CPU.ActiveCfg = Release|Any CPU
		{3DD99678-F71C-4CAA-A8BF-7DBA6188C3C4}.Release|Any CPU.Build.0 = Release|Any CPU
		{3DD99678-F71C-4CAA-A8BF-7DBA6188C3C4}.Release|x86.ActiveCfg = Release|Any CPU
		{44193312-FD34-4A33-A9BC-D4170028B279}.Debug|Any CPU.ActiveCfg = Debug|Any CPU
		{44193312-FD34-4A33-A9BC-D4170028B279}.Debug|Any CPU.Build.0 = Debug|Any CPU
		{44193312-FD34-4A33-A9BC-D4170028B279}.Debug|x86.ActiveCfg = Debug|Any CPU
		{44193312-FD34-4A33-A9BC-D4170028B279}.Release|Any CPU.ActiveCfg = Release|Any CPU
		{44193312-FD34-4A33-A9BC-D4170028B279}.Release|x86.ActiveCfg = Release|Any CPU
		{E7119E94-B1B0-4C23-9D61-69746A7AA1A3}.Debug|Any CPU.ActiveCfg = Debug|Any CPU
		{E7119E94-B1B0-4C23-9D61-69746A7AA1A3}.Debug|Any CPU.Build.0 = Debug|Any CPU
		{E7119E94-B1B0-4C23-9D61-69746A7AA1A3}.Debug|x86.ActiveCfg = Debug|Any CPU
		{E7119E94-B1B0-4C23-9D61-69746A7AA1A3}.Release|Any CPU.ActiveCfg = Release|Any CPU
		{E7119E94-B1B0-4C23-9D61-69746A7AA1A3}.Release|x86.ActiveCfg = Release|Any CPU
		{D429D279-234D-43A7-8523-1E3E61FED51A}.Debug|Any CPU.ActiveCfg = Debug|Any CPU
		{D429D279-234D-43A7-8523-1E3E61FED51A}.Debug|Any CPU.Build.0 = Debug|Any CPU
		{D429D279-234D-43A7-8523-1E3E61FED51A}.Debug|x86.ActiveCfg = Debug|Any CPU
		{D429D279-234D-43A7-8523-1E3E61FED51A}.Release|Any CPU.ActiveCfg = Release|Any CPU
		{D429D279-234D-43A7-8523-1E3E61FED51A}.Release|x86.ActiveCfg = Release|Any CPU
		{F65C13C3-7A12-4FBB-AA4A-4BBC69A548E6}.Debug|Any CPU.ActiveCfg = Debug|Any CPU
		{F65C13C3-7A12-4FBB-AA4A-4BBC69A548E6}.Debug|Any CPU.Build.0 = Debug|Any CPU
		{F65C13C3-7A12-4FBB-AA4A-4BBC69A548E6}.Debug|x86.ActiveCfg = Debug|Any CPU
		{F65C13C3-7A12-4FBB-AA4A-4BBC69A548E6}.Release|Any CPU.ActiveCfg = Release|Any CPU
		{F65C13C3-7A12-4FBB-AA4A-4BBC69A548E6}.Release|x86.ActiveCfg = Release|Any CPU
		{433B6DA6-FF85-4370-9012-4C6B7177FC0D}.Debug|Any CPU.ActiveCfg = Debug|Any CPU
		{433B6DA6-FF85-4370-9012-4C6B7177FC0D}.Debug|Any CPU.Build.0 = Debug|Any CPU
		{433B6DA6-FF85-4370-9012-4C6B7177FC0D}.Debug|x86.ActiveCfg = Debug|Any CPU
		{433B6DA6-FF85-4370-9012-4C6B7177FC0D}.Release|Any CPU.ActiveCfg = Release|Any CPU
		{433B6DA6-FF85-4370-9012-4C6B7177FC0D}.Release|Any CPU.Build.0 = Release|Any CPU
		{433B6DA6-FF85-4370-9012-4C6B7177FC0D}.Release|x86.ActiveCfg = Release|Any CPU
		{D1A7D72F-8AF5-4225-A68B-985354E7BA86}.Debug|Any CPU.ActiveCfg = Debug|Any CPU
		{D1A7D72F-8AF5-4225-A68B-985354E7BA86}.Debug|Any CPU.Build.0 = Debug|Any CPU
		{D1A7D72F-8AF5-4225-A68B-985354E7BA86}.Debug|x86.ActiveCfg = Debug|Any CPU
		{D1A7D72F-8AF5-4225-A68B-985354E7BA86}.Debug|x86.Build.0 = Debug|Any CPU
		{D1A7D72F-8AF5-4225-A68B-985354E7BA86}.Release|Any CPU.ActiveCfg = Release|Any CPU
		{D1A7D72F-8AF5-4225-A68B-985354E7BA86}.Release|Any CPU.Build.0 = Release|Any CPU
		{D1A7D72F-8AF5-4225-A68B-985354E7BA86}.Release|x86.ActiveCfg = Release|Any CPU
		{D1A7D72F-8AF5-4225-A68B-985354E7BA86}.Release|x86.Build.0 = Release|Any CPU
		{B5C50D4D-08A3-4075-8393-DA4B251DE4E0}.Debug|Any CPU.ActiveCfg = Debug|Any CPU
		{B5C50D4D-08A3-4075-8393-DA4B251DE4E0}.Debug|Any CPU.Build.0 = Debug|Any CPU
		{B5C50D4D-08A3-4075-8393-DA4B251DE4E0}.Debug|x86.ActiveCfg = Debug|Any CPU
		{B5C50D4D-08A3-4075-8393-DA4B251DE4E0}.Debug|x86.Build.0 = Debug|Any CPU
		{B5C50D4D-08A3-4075-8393-DA4B251DE4E0}.Release|Any CPU.ActiveCfg = Release|Any CPU
		{B5C50D4D-08A3-4075-8393-DA4B251DE4E0}.Release|Any CPU.Build.0 = Release|Any CPU
		{B5C50D4D-08A3-4075-8393-DA4B251DE4E0}.Release|x86.ActiveCfg = Release|Any CPU
		{B5C50D4D-08A3-4075-8393-DA4B251DE4E0}.Release|x86.Build.0 = Release|Any CPU
		{9245F88E-2771-4770-8D59-27D8CFB2B9F1}.Debug|Any CPU.ActiveCfg = Debug|Any CPU
		{9245F88E-2771-4770-8D59-27D8CFB2B9F1}.Debug|Any CPU.Build.0 = Debug|Any CPU
		{9245F88E-2771-4770-8D59-27D8CFB2B9F1}.Debug|x86.ActiveCfg = Debug|Any CPU
		{9245F88E-2771-4770-8D59-27D8CFB2B9F1}.Debug|x86.Build.0 = Debug|Any CPU
		{9245F88E-2771-4770-8D59-27D8CFB2B9F1}.Release|Any CPU.ActiveCfg = Release|Any CPU
		{9245F88E-2771-4770-8D59-27D8CFB2B9F1}.Release|Any CPU.Build.0 = Release|Any CPU
		{9245F88E-2771-4770-8D59-27D8CFB2B9F1}.Release|x86.ActiveCfg = Release|Any CPU
		{9245F88E-2771-4770-8D59-27D8CFB2B9F1}.Release|x86.Build.0 = Release|Any CPU
	EndGlobalSection
	GlobalSection(SolutionProperties) = preSolution
		HideSolutionNode = FALSE
	EndGlobalSection
	GlobalSection(NestedProjects) = preSolution
		{D1A7D72F-8AF5-4225-A68B-985354E7BA86} = {598B603F-F081-440B-BD43-4813EC6E043C}
		{B5C50D4D-08A3-4075-8393-DA4B251DE4E0} = {598B603F-F081-440B-BD43-4813EC6E043C}
		{9245F88E-2771-4770-8D59-27D8CFB2B9F1} = {598B603F-F081-440B-BD43-4813EC6E043C}
	EndGlobalSection
	GlobalSection(TestCaseManagementSettings) = postSolution
		CategoryFile = Zilf.vsmdi
	EndGlobalSection
EndGlobal
